
Microsoft Visual Studio Solution File, Format Version 12.00
# Visual Studio Version 16
VisualStudioVersion = 16.0.31727.386
MinimumVisualStudioVersion = 10.0.40219.1
Project("{FAE04EC0-301F-11D3-BF4B-00C04F79EFBC}") = "SampleMultiLanguageApp", "SampleMultiLanguageApp\SampleMultiLanguageApp.csproj", "{FAD1F89B-14D3-4353-A164-6D57E10E9795}"
EndProject
Project("{FAE04EC0-301F-11D3-BF4B-00C04F79EFBC}") = "DotNetTranslator", "DotNetTranslator\DotNetTranslator.csproj", "{3E00CC32-01EB-4666-886D-387E40CF7A42}"
EndProject
Global
	GlobalSection(SolutionConfigurationPlatforms) = preSolution
		Debug|Any CPU = Debug|Any CPU
		Release|Any CPU = Release|Any CPU
	EndGlobalSection
	GlobalSection(ProjectConfigurationPlatforms) = postSolution
		{FAD1F89B-14D3-4353-A164-6D57E10E9795}.Debug|Any CPU.ActiveCfg = Debug|Any CPU
		{FAD1F89B-14D3-4353-A164-6D57E10E9795}.Debug|Any CPU.Build.0 = Debug|Any CPU
		{FAD1F89B-14D3-4353-A164-6D57E10E9795}.Release|Any CPU.ActiveCfg = Release|Any CPU
		{FAD1F89B-14D3-4353-A164-6D57E10E9795}.Release|Any CPU.Build.0 = Release|Any CPU
		{3E00CC32-01EB-4666-886D-387E40CF7A42}.Debug|Any CPU.ActiveCfg = Debug|Any CPU
		{3E00CC32-01EB-4666-886D-387E40CF7A42}.Debug|Any CPU.Build.0 = Debug|Any CPU
		{3E00CC32-01EB-4666-886D-387E40CF7A42}.Release|Any CPU.ActiveCfg = Release|Any CPU
		{3E00CC32-01EB-4666-886D-387E40CF7A42}.Release|Any CPU.Build.0 = Release|Any CPU
	EndGlobalSection
	GlobalSection(SolutionProperties) = preSolution
		HideSolutionNode = FALSE
	EndGlobalSection
	GlobalSection(ExtensibilityGlobals) = postSolution
		SolutionGuid = {E89F7B23-C8B2-4190-AC7C-6602F9487C3B}
	EndGlobalSection
EndGlobal
